<?xml version="1.0" encoding="utf-8"?>
<Project ToolsVersion="4.0" xmlns="http://schemas.microsoft.com/developer/msbuild/2003">
  <ItemGroup>
    <Filter Include="Resource Files">
      <UniqueIdentifier>{67DA6AB6-F800-4c08-8B7A-83BB121AAD01}</UniqueIdentifier>
      <Extensions>rc;ico;cur;bmp;dlg;rc2;rct;bin;rgs;gif;jpg;jpeg;jpe;resx;tiff;tif;png;wav;mfcribbon-ms</Extensions>
    </Filter>
    <Filter Include="Source">
      <UniqueIdentifier>{aff47efd-476c-4200-a151-b38a7336b753}</UniqueIdentifier>
    </Filter>
    <Filter Include="Source\Application">
      <UniqueIdentifier>{4FC737F1-C7A5-4376-A066-2A32D752A2FF}</UniqueIdentifier>
      <Extensions>cpp;c;cc;cxx;def;odl;idl;hpj;bat;asm;asmx</Extensions>
    </Filter>
    <Filter Include="Source\Geometry">
      <UniqueIdentifier>{4bcd41a6-8f23-4604-b3f3-7ed5f909bb6b}</UniqueIdentifier>
    </Filter>
    <Filter Include="Source\Exception">
      <UniqueIdentifier>{d14425aa-ccfa-4762-b30e-9a4ddee8d579}</UniqueIdentifier>
    </Filter>
    <Filter Include="Source\Scene">
      <UniqueIdentifier>{173f5faa-558f-4ed0-963b-cb53939a4bed}</UniqueIdentifier>
    </Filter>
    <Filter Include="Source\Pipeline">
      <UniqueIdentifier>{eefe453c-cc66-4bc7-9448-6c3c8331f3ae}</UniqueIdentifier>
    </Filter>
    <Filter Include="Source\Shaders">
      <UniqueIdentifier>{75e1a76c-f477-446c-bd30-8ee909ea1306}</UniqueIdentifier>
    </Filter>
    <Filter Include="Source\Utility">
      <UniqueIdentifier>{04f1fb85-4dfa-46a3-98a8-983c2d827585}</UniqueIdentifier>
    </Filter>
    <Filter Include="Source\RenderSystem">
      <UniqueIdentifier>{6eb9d720-3fe3-454b-90b1-6605e567d3ec}</UniqueIdentifier>
    </Filter>
    <Filter Include="Source\ImGui">
      <UniqueIdentifier>{1f70a5e1-06bf-4af4-9f4c-7914544997af}</UniqueIdentifier>
    </Filter>
  </ItemGroup>
  <ItemGroup>
    <ResourceCompile Include="directxRender.rc">
      <Filter>Resource Files</Filter>
    </ResourceCompile>
  </ItemGroup>
  <ItemGroup>
    <Image Include="Resources\parrot.ico">
      <Filter>Resource Files</Filter>
    </Image>
  </ItemGroup>
  <ItemGroup>
    <None Include="packages.config" />
  </ItemGroup>
  <ItemGroup>
    <ClCompile Include="source\app\Window.cpp">
      <Filter>Source\Application</Filter>
    </ClCompile>
    <ClCompile Include="source\app\Application.cpp">
      <Filter>Source\Application</Filter>
    </ClCompile>
    <ClCompile Include="source\exception\ExtendedException.cpp">
      <Filter>Source\Exception</Filter>
    </ClCompile>
    <ClCompile Include="source\exception\GraphicsException.cpp">
      <Filter>Source\Exception</Filter>
    </ClCompile>
    <ClCompile Include="source\exception\HrException.cpp">
      <Filter>Source\Exception</Filter>
    </ClCompile>
    <ClCompile Include="source\geometry\GeometryMesh.cpp">
      <Filter>Source\Geometry</Filter>
    </ClCompile>
    <ClCompile Include="source\geometry\MeshPrimitives.cpp">
      <Filter>Source\Geometry</Filter>
    </ClCompile>
    <ClCompile Include="source\pipeline\InputLayout.cpp">
      <Filter>Source\Pipeline</Filter>
    </ClCompile>
    <ClCompile Include="source\pipeline\Technique.cpp">
      <Filter>Source\Pipeline</Filter>
    </ClCompile>
    <ClCompile Include="source\scene\PerspectiveCamera.cpp">
      <Filter>Source\Scene</Filter>
    </ClCompile>
    <ClCompile Include="source\scene\Scene.cpp">
      <Filter>Source\Scene</Filter>
    </ClCompile>
    <ClCompile Include="source\utility\DxgiInfoManager.cpp">
      <Filter>Source\Utility</Filter>
    </ClCompile>
    <ClCompile Include="source\utility\Timer.cpp">
      <Filter>Source\Utility</Filter>
    </ClCompile>
    <ClCompile Include="source\utility\Util.cpp">
      <Filter>Source\Utility</Filter>
    </ClCompile>
    <ClCompile Include="source\WinMain.cpp">
      <Filter>Source</Filter>
    </ClCompile>
    <ClCompile Include="source\renderSystem\Graphics.cpp">
      <Filter>Source\RenderSystem</Filter>
    </ClCompile>
    <ClCompile Include="source\renderSystem\RenderData.cpp">
      <Filter>Source\RenderSystem</Filter>
    </ClCompile>
    <ClCompile Include="..\imgui\backends\imgui_impl_glfw.cpp">
      <Filter>Source\ImGui</Filter>
    </ClCompile>
    <ClCompile Include="..\imgui\backends\imgui_impl_dx11.cpp">
      <Filter>Source\ImGui</Filter>
    </ClCompile>
    <ClCompile Include="..\imgui\imgui.cpp">
      <Filter>Source\ImGui</Filter>
    </ClCompile>
    <ClCompile Include="..\imgui\imgui_draw.cpp">
      <Filter>Source\ImGui</Filter>
    </ClCompile>
    <ClCompile Include="..\imgui\imgui_tables.cpp">
      <Filter>Source\ImGui</Filter>
    </ClCompile>
    <ClCompile Include="..\imgui\imgui_widgets.cpp">
      <Filter>Source\ImGui</Filter>
    </ClCompile>
  </ItemGroup>
  <ItemGroup>
    <ClInclude Include="source\app\Window.h">
      <Filter>Source\Application</Filter>
    </ClInclude>
    <ClInclude Include="source\app\Application.h">
      <Filter>Source\Application</Filter>
    </ClInclude>
    <ClInclude Include="source\exception\ExtendedException.h">
      <Filter>Source\Exception</Filter>
    </ClInclude>
    <ClInclude Include="source\exception\GraphicsException.h">
      <Filter>Source\Exception</Filter>
    </ClInclude>
    <ClInclude Include="source\exception\HrException.h">
      <Filter>Source\Exception</Filter>
    </ClInclude>
    <ClInclude Include="source\geometry\GeometryMesh.h">
      <Filter>Source\Geometry</Filter>
    </ClInclude>
    <ClInclude Include="source\geometry\MeshPrimitives.h">
      <Filter>Source\Geometry</Filter>
    </ClInclude>
    <ClInclude Include="source\pipeline\InputLayout.h">
      <Filter>Source\Pipeline</Filter>
    </ClInclude>
    <ClInclude Include="source\pipeline\Technique.h">
      <Filter>Source\Pipeline</Filter>
    </ClInclude>
    <ClInclude Include="source\scene\PerspectiveCamera.h">
      <Filter>Source\Scene</Filter>
    </ClInclude>
    <ClInclude Include="source\scene\Scene.h">
      <Filter>Source\Scene</Filter>
    </ClInclude>
    <ClInclude Include="source\utility\DxgiInfoManager.h">
      <Filter>Source\Utility</Filter>
    </ClInclude>
    <ClInclude Include="source\utility\EasyWin.h">
      <Filter>Source\Utility</Filter>
    </ClInclude>
    <ClInclude Include="source\utility\Timer.h">
      <Filter>Source\Utility</Filter>
    </ClInclude>
    <ClInclude Include="source\utility\Util.h">
      <Filter>Source\Utility</Filter>
    </ClInclude>
    <ClInclude Include="source\exception\GfxMacros.h">
      <Filter>Source\Exception</Filter>
    </ClInclude>
    <ClInclude Include="source\scene\SceneObject.h">
      <Filter>Source\Scene</Filter>
    </ClInclude>
    <ClInclude Include="source\renderSystem\Graphics.h">
      <Filter>Source\RenderSystem</Filter>
    </ClInclude>
    <ClInclude Include="source\renderSystem\RenderData.h">
      <Filter>Source\RenderSystem</Filter>
    </ClInclude>
    <ClInclude Include="source\renderSystem\DataSwapper.h">
      <Filter>Source\Utility</Filter>
    </ClInclude>
  </ItemGroup>
  <ItemGroup>
    <FxCompile Include="source\shaders\PixelShader.hlsl">
      <Filter>Source\Shaders</Filter>
    </FxCompile>
    <FxCompile Include="source\shaders\VertexShader.hlsl">
      <Filter>Source\Shaders</Filter>
    </FxCompile>
  </ItemGroup>
</Project>